// !$*UTF8*$!
{
	archiveVersion = 1;
	classes = {
	};
	objectVersion = 46;
	objects = {

/* Begin PBXBuildFile section */
		7E3036911F3145D500F4DE08 /* AppDelegate.swift in Sources */ = {isa = PBXBuildFile; fileRef = 7E3036901F3145D500F4DE08 /* AppDelegate.swift */; };
		7E3036931F3145D500F4DE08 /* ViewController.swift in Sources */ = {isa = PBXBuildFile; fileRef = 7E3036921F3145D500F4DE08 /* ViewController.swift */; };
		7E3036961F3145D500F4DE08 /* Main.storyboard in Resources */ = {isa = PBXBuildFile; fileRef = 7E3036941F3145D500F4DE08 /* Main.storyboard */; };
		7E3036981F3145D500F4DE08 /* Assets.xcassets in Resources */ = {isa = PBXBuildFile; fileRef = 7E3036971F3145D500F4DE08 /* Assets.xcassets */; };
		7E30369B1F3145D500F4DE08 /* LaunchScreen.storyboard in Resources */ = {isa = PBXBuildFile; fileRef = 7E3036991F3145D500F4DE08 /* LaunchScreen.storyboard */; };
		7E3036A61F3145D500F4DE08 /* SaveTheKittensTests.swift in Sources */ = {isa = PBXBuildFile; fileRef = 7E3036A51F3145D500F4DE08 /* SaveTheKittensTests.swift */; };
		7E3036B11F3145D500F4DE08 /* SaveTheKittensUITests.swift in Sources */ = {isa = PBXBuildFile; fileRef = 7E3036B01F3145D500F4DE08 /* SaveTheKittensUITests.swift */; };
/* End PBXBuildFile section */

/* Begin PBXContainerItemProxy section */
		7E3036A21F3145D500F4DE08 /* PBXContainerItemProxy */ = {
			isa = PBXContainerItemProxy;
			containerPortal = 7E3036851F3145D500F4DE08 /* Project object */;
			proxyType = 1;
			remoteGlobalIDString = 7E30368C1F3145D500F4DE08;
			remoteInfo = SaveTheKittens;
		};
		7E3036AD1F3145D500F4DE08 /* PBXContainerItemProxy */ = {
			isa = PBXContainerItemProxy;
			containerPortal = 7E3036851F3145D500F4DE08 /* Project object */;
			proxyType = 1;
			remoteGlobalIDString = 7E30368C1F3145D500F4DE08;
			remoteInfo = SaveTheKittens;
		};
/* End PBXContainerItemProxy section */

/* Begin PBXFileReference section */
		7E30368D1F3145D500F4DE08 /* SaveTheKittens.app */ = {isa = PBXFileReference; explicitFileType = wrapper.application; includeInIndex = 0; path = SaveTheKittens.app; sourceTree = BUILT_PRODUCTS_DIR; };
		7E3036901F3145D500F4DE08 /* AppDelegate.swift */ = {isa = PBXFileReference; lastKnownFileType = sourcecode.swift; path = AppDelegate.swift; sourceTree = "<group>"; };
		7E3036921F3145D500F4DE08 /* ViewController.swift */ = {isa = PBXFileReference; lastKnownFileType = sourcecode.swift; path = ViewController.swift; sourceTree = "<group>"; };
		7E3036951F3145D500F4DE08 /* Base */ = {isa = PBXFileReference; lastKnownFileType = file.storyboard; name = Base; path = Base.lproj/Main.storyboard; sourceTree = "<group>"; };
		7E3036971F3145D500F4DE08 /* Assets.xcassets */ = {isa = PBXFileReference; lastKnownFileType = folder.assetcatalog; path = Assets.xcassets; sourceTree = "<group>"; };
		7E30369A1F3145D500F4DE08 /* Base */ = {isa = PBXFileReference; lastKnownFileType = file.storyboard; name = Base; path = Base.lproj/LaunchScreen.storyboard; sourceTree = "<group>"; };
		7E30369C1F3145D500F4DE08 /* Info.plist */ = {isa = PBXFileReference; lastKnownFileType = text.plist.xml; path = Info.plist; sourceTree = "<group>"; };
		7E3036A11F3145D500F4DE08 /* SaveTheKittensTests.xctest */ = {isa = PBXFileReference; explicitFileType = wrapper.cfbundle; includeInIndex = 0; path = SaveTheKittensTests.xctest; sourceTree = BUILT_PRODUCTS_DIR; };
		7E3036A51F3145D500F4DE08 /* SaveTheKittensTests.swift */ = {isa = PBXFileReference; lastKnownFileType = sourcecode.swift; path = SaveTheKittensTests.swift; sourceTree = "<group>"; };
		7E3036A71F3145D500F4DE08 /* Info.plist */ = {isa = PBXFileReference; lastKnownFileType = text.plist.xml; path = Info.plist; sourceTree = "<group>"; };
		7E3036AC1F3145D500F4DE08 /* SaveTheKittensUITests.xctest */ = {isa = PBXFileReference; explicitFileType = wrapper.cfbundle; includeInIndex = 0; path = SaveTheKittensUITests.xctest; sourceTree = BUILT_PRODUCTS_DIR; };
		7E3036B01F3145D500F4DE08 /* SaveTheKittensUITests.swift */ = {isa = PBXFileReference; lastKnownFileType = sourcecode.swift; path = SaveTheKittensUITests.swift; sourceTree = "<group>"; };
		7E3036B21F3145D500F4DE08 /* Info.plist */ = {isa = PBXFileReference; lastKnownFileType = text.plist.xml; path = Info.plist; sourceTree = "<group>"; };
/* End PBXFileReference section */

/* Begin PBXFrameworksBuildPhase section */
		7E30368A1F3145D500F4DE08 /* Frameworks */ = {
			isa = PBXFrameworksBuildPhase;
			buildActionMask = 2147483647;
			files = (
			);
			runOnlyForDeploymentPostprocessing = 0;
		};
		7E30369E1F3145D500F4DE08 /* Frameworks */ = {
			isa = PBXFrameworksBuildPhase;
			buildActionMask = 2147483647;
			files = (
			);
			runOnlyForDeploymentPostprocessing = 0;
		};
		7E3036A91F3145D500F4DE08 /* Frameworks */ = {
			isa = PBXFrameworksBuildPhase;
			buildActionMask = 2147483647;
			files = (
			);
			runOnlyForDeploymentPostprocessing = 0;
		};
/* End PBXFrameworksBuildPhase section */

/* Begin PBXGroup section */
		7E3036841F3145D500F4DE08 = {
			isa = PBXGroup;
			children = (
				7E30368F1F3145D500F4DE08 /* SaveTheKittens */,
				7E3036A41F3145D500F4DE08 /* SaveTheKittensTests */,
				7E3036AF1F3145D500F4DE08 /* SaveTheKittensUITests */,
				7E30368E1F3145D500F4DE08 /* Products */,
			);
			sourceTree = "<group>";
		};
		7E30368E1F3145D500F4DE08 /* Products */ = {
			isa = PBXGroup;
			children = (
				7E30368D1F3145D500F4DE08 /* SaveTheKittens.app */,
				7E3036A11F3145D500F4DE08 /* SaveTheKittensTests.xctest */,
				7E3036AC1F3145D500F4DE08 /* SaveTheKittensUITests.xctest */,
			);
			name = Products;
			sourceTree = "<group>";
		};
		7E30368F1F3145D500F4DE08 /* SaveTheKittens */ = {
			isa = PBXGroup;
			children = (
				7E3036901F3145D500F4DE08 /* AppDelegate.swift */,
				7E3036921F3145D500F4DE08 /* ViewController.swift */,
				7E3036941F3145D500F4DE08 /* Main.storyboard */,
				7E3036971F3145D500F4DE08 /* Assets.xcassets */,
				7E3036991F3145D500F4DE08 /* LaunchScreen.storyboard */,
				7E30369C1F3145D500F4DE08 /* Info.plist */,
			);
			path = SaveTheKittens;
			sourceTree = "<group>";
		};
		7E3036A41F3145D500F4DE08 /* SaveTheKittensTests */ = {
			isa = PBXGroup;
			children = (
				7E3036A51F3145D500F4DE08 /* SaveTheKittensTests.swift */,
				7E3036A71F3145D500F4DE08 /* Info.plist */,
			);
			path = SaveTheKittensTests;
			sourceTree = "<group>";
		};
		7E3036AF1F3145D500F4DE08 /* SaveTheKittensUITests */ = {
			isa = PBXGroup;
			children = (
				7E3036B01F3145D500F4DE08 /* SaveTheKittensUITests.swift */,
				7E3036B21F3145D500F4DE08 /* Info.plist */,
			);
			path = SaveTheKittensUITests;
			sourceTree = "<group>";
		};
/* End PBXGroup section */

/* Begin PBXNativeTarget section */
		7E30368C1F3145D500F4DE08 /* SaveTheKittens */ = {
			isa = PBXNativeTarget;
			buildConfigurationList = 7E3036B51F3145D500F4DE08 /* Build configuration list for PBXNativeTarget "SaveTheKittens" */;
			buildPhases = (
				7E3036891F3145D500F4DE08 /* Sources */,
				7E30368A1F3145D500F4DE08 /* Frameworks */,
				7E30368B1F3145D500F4DE08 /* Resources */,
			);
			buildRules = (
			);
			dependencies = (
			);
			name = SaveTheKittens;
			productName = SaveTheKittens;
			productReference = 7E30368D1F3145D500F4DE08 /* SaveTheKittens.app */;
			productType = "com.apple.product-type.application";
		};
		7E3036A01F3145D500F4DE08 /* SaveTheKittensTests */ = {
			isa = PBXNativeTarget;
			buildConfigurationList = 7E3036B81F3145D500F4DE08 /* Build configuration list for PBXNativeTarget "SaveTheKittensTests" */;
			buildPhases = (
				7E30369D1F3145D500F4DE08 /* Sources */,
				7E30369E1F3145D500F4DE08 /* Frameworks */,
				7E30369F1F3145D500F4DE08 /* Resources */,
			);
			buildRules = (
			);
			dependencies = (
				7E3036A31F3145D500F4DE08 /* PBXTargetDependency */,
			);
			name = SaveTheKittensTests;
			productName = SaveTheKittensTests;
			productReference = 7E3036A11F3145D500F4DE08 /* SaveTheKittensTests.xctest */;
			productType = "com.apple.product-type.bundle.unit-test";
		};
		7E3036AB1F3145D500F4DE08 /* SaveTheKittensUITests */ = {
			isa = PBXNativeTarget;
			buildConfigurationList = 7E3036BB1F3145D500F4DE08 /* Build configuration list for PBXNativeTarget "SaveTheKittensUITests" */;
			buildPhases = (
				7E3036A81F3145D500F4DE08 /* Sources */,
				7E3036A91F3145D500F4DE08 /* Frameworks */,
				7E3036AA1F3145D500F4DE08 /* Resources */,
			);
			buildRules = (
			);
			dependencies = (
				7E3036AE1F3145D500F4DE08 /* PBXTargetDependency */,
			);
			name = SaveTheKittensUITests;
			productName = SaveTheKittensUITests;
			productReference = 7E3036AC1F3145D500F4DE08 /* SaveTheKittensUITests.xctest */;
			productType = "com.apple.product-type.bundle.ui-testing";
		};
/* End PBXNativeTarget section */

/* Begin PBXProject section */
		7E3036851F3145D500F4DE08 /* Project object */ = {
			isa = PBXProject;
			attributes = {
				LastSwiftUpdateCheck = 0830;
				LastUpgradeCheck = 0830;
				ORGANIZATIONNAME = "Adrian Toribio";
				TargetAttributes = {
					7E30368C1F3145D500F4DE08 = {
						CreatedOnToolsVersion = 8.3.3;
						ProvisioningStyle = Automatic;
					};
					7E3036A01F3145D500F4DE08 = {
						CreatedOnToolsVersion = 8.3.3;
						ProvisioningStyle = Automatic;
						TestTargetID = 7E30368C1F3145D500F4DE08;
					};
					7E3036AB1F3145D500F4DE08 = {
						CreatedOnToolsVersion = 8.3.3;
						ProvisioningStyle = Automatic;
						TestTargetID = 7E30368C1F3145D500F4DE08;
					};
				};
			};
			buildConfigurationList = 7E3036881F3145D500F4DE08 /* Build configuration list for PBXProject "SaveTheKittens" */;
			compatibilityVersion = "Xcode 3.2";
			developmentRegion = English;
			hasScannedForEncodings = 0;
			knownRegions = (
				en,
				Base,
			);
			mainGroup = 7E3036841F3145D500F4DE08;
			productRefGroup = 7E30368E1F3145D500F4DE08 /* Products */;
			projectDirPath = "";
			projectRoot = "";
			targets = (
				7E30368C1F3145D500F4DE08 /* SaveTheKittens */,
				7E3036A01F3145D500F4DE08 /* SaveTheKittensTests */,
				7E3036AB1F3145D500F4DE08 /* SaveTheKittensUITests */,
			);
		};
/* End PBXProject section */

/* Begin PBXResourcesBuildPhase section */
		7E30368B1F3145D500F4DE08 /* Resources */ = {
			isa = PBXResourcesBuildPhase;
			buildActionMask = 2147483647;
			files = (
				7E30369B1F3145D500F4DE08 /* LaunchScreen.storyboard in Resources */,
				7E3036981F3145D500F4DE08 /* Assets.xcassets in Resources */,
				7E3036961F3145D500F4DE08 /* Main.storyboard in Resources */,
			);
			runOnlyForDeploymentPostprocessing = 0;
		};
		7E30369F1F3145D500F4DE08 /* Resources */ = {
			isa = PBXResourcesBuildPhase;
			buildActionMask = 2147483647;
			files = (
			);
			runOnlyForDeploymentPostprocessing = 0;
		};
		7E3036AA1F3145D500F4DE08 /* Resources */ = {
			isa = PBXResourcesBuildPhase;
			buildActionMask = 2147483647;
			files = (
			);
			runOnlyForDeploymentPostprocessing = 0;
		};
/* End PBXResourcesBuildPhase section */

/* Begin PBXSourcesBuildPhase section */
		7E3036891F3145D500F4DE08 /* Sources */ = {
			isa = PBXSourcesBuildPhase;
			buildActionMask = 2147483647;
			files = (
				7E3036931F3145D500F4DE08 /* ViewController.swift in Sources */,
				7E3036911F3145D500F4DE08 /* AppDelegate.swift in Sources */,
			);
			runOnlyForDeploymentPostprocessing = 0;
		};
		7E30369D1F3145D500F4DE08 /* Sources */ = {
			isa = PBXSourcesBuildPhase;
			buildActionMask = 2147483647;
			files = (
				7E3036A61F3145D500F4DE08 /* SaveTheKittensTests.swift in Sources */,
			);
			runOnlyForDeploymentPostprocessing = 0;
		};
		7E3036A81F3145D500F4DE08 /* Sources */ = {
			isa = PBXSourcesBuildPhase;
			buildActionMask = 2147483647;
			files = (
				7E3036B11F3145D500F4DE08 /* SaveTheKittensUITests.swift in Sources */,
			);
			runOnlyForDeploymentPostprocessing = 0;
		};
/* End PBXSourcesBuildPhase section */

/* Begin PBXTargetDependency section */
		7E3036A31F3145D500F4DE08 /* PBXTargetDependency */ = {
			isa = PBXTargetDependency;
			target = 7E30368C1F3145D500F4DE08 /* SaveTheKittens */;
			targetProxy = 7E3036A21F3145D500F4DE08 /* PBXContainerItemProxy */;
		};
		7E3036AE1F3145D500F4DE08 /* PBXTargetDependency */ = {
			isa = PBXTargetDependency;
			target = 7E30368C1F3145D500F4DE08 /* SaveTheKittens */;
			targetProxy = 7E3036AD1F3145D500F4DE08 /* PBXContainerItemProxy */;
		};
/* End PBXTargetDependency section */

/* Begin PBXVariantGroup section */
		7E3036941F3145D500F4DE08 /* Main.storyboard */ = {
			isa = PBXVariantGroup;
			children = (
				7E3036951F3145D500F4DE08 /* Base */,
			);
			name = Main.storyboard;
			sourceTree = "<group>";
		};
		7E3036991F3145D500F4DE08 /* LaunchScreen.storyboard */ = {
			isa = PBXVariantGroup;
			children = (
				7E30369A1F3145D500F4DE08 /* Base */,
			);
			name = LaunchScreen.storyboard;
			sourceTree = "<group>";
		};
/* End PBXVariantGroup section */

/* Begin XCBuildConfiguration section */
		7E3036B31F3145D500F4DE08 /* Debug */ = {
			isa = XCBuildConfiguration;
			buildSettings = {
				ALWAYS_SEARCH_USER_PATHS = NO;
				CLANG_ANALYZER_NONNULL = YES;
				CLANG_ANALYZER_NUMBER_OBJECT_CONVERSION = YES_AGGRESSIVE;
				CLANG_CXX_LANGUAGE_STANDARD = "gnu++0x";
				CLANG_CXX_LIBRARY = "libc++";
				CLANG_ENABLE_MODULES = YES;
				CLANG_ENABLE_OBJC_ARC = YES;
				CLANG_WARN_BOOL_CONVERSION = YES;
				CLANG_WARN_CONSTANT_CONVERSION = YES;
				CLANG_WARN_DIRECT_OBJC_ISA_USAGE = YES_ERROR;
				CLANG_WARN_DOCUMENTATION_COMMENTS = YES;
				CLANG_WARN_EMPTY_BODY = YES;
				CLANG_WARN_ENUM_CONVERSION = YES;
				CLANG_WARN_INFINITE_RECURSION = YES;
				CLANG_WARN_INT_CONVERSION = YES;
				CLANG_WARN_OBJC_ROOT_CLASS = YES_ERROR;
				CLANG_WARN_SUSPICIOUS_MOVE = YES;
				CLANG_WARN_UNREACHABLE_CODE = YES;
				CLANG_WARN__DUPLICATE_METHOD_MATCH = YES;
				"CODE_SIGN_IDENTITY[sdk=iphoneos*]" = "iPhone Developer";
				COPY_PHASE_STRIP = NO;
				DEBUG_INFORMATION_FORMAT = dwarf;
				ENABLE_STRICT_OBJC_MSGSEND = YES;
				ENABLE_TESTABILITY = YES;
				GCC_C_LANGUAGE_STANDARD = gnu99;
				GCC_DYNAMIC_NO_PIC = NO;
				GCC_NO_COMMON_BLOCKS = YES;
				GCC_OPTIMIZATION_LEVEL = 0;
				GCC_PREPROCESSOR_DEFINITIONS = (
					"DEBUG=1",
					"$(inherited)",
				);
				GCC_WARN_64_TO_32_BIT_CONVERSION = YES;
				GCC_WARN_ABOUT_RETURN_TYPE = YES_ERROR;
				GCC_WARN_UNDECLARED_SELECTOR = YES;
				GCC_WARN_UNINITIALIZED_AUTOS = YES_AGGRESSIVE;
				GCC_WARN_UNUSED_FUNCTION = YES;
				GCC_WARN_UNUSED_VARIABLE = YES;
				IPHONEOS_DEPLOYMENT_TARGET = 10.3;
				MTL_ENABLE_DEBUG_INFO = YES;
				ONLY_ACTIVE_ARCH = YES;
				SDKROOT = iphoneos;
				SWIFT_ACTIVE_COMPILATION_CONDITIONS = DEBUG;
				SWIFT_OPTIMIZATION_LEVEL = "-Onone";
				TARGETED_DEVICE_FAMILY = "1,2";
			};
			name = Debug;
		};
		7E3036B41F3145D500F4DE08 /* Release */ = {
			isa = XCBuildConfiguration;
			buildSettings = {
				ALWAYS_SEARCH_USER_PATHS = NO;
				CLANG_ANALYZER_NONNULL = YES;
				CLANG_ANALYZER_NUMBER_OBJECT_CONVERSION = YES_AGGRESSIVE;
				CLANG_CXX_LANGUAGE_STANDARD = "gnu++0x";
				CLANG_CXX_LIBRARY = "libc++";
				CLANG_ENABLE_MODULES = YES;
				CLANG_ENABLE_OBJC_ARC = YES;
				CLANG_WARN_BOOL_CONVERSION = YES;
				CLANG_WARN_CONSTANT_CONVERSION = YES;
				CLANG_WARN_DIRECT_OBJC_ISA_USAGE = YES_ERROR;
				CLANG_WARN_DOCUMENTATION_COMMENTS = YES;
				CLANG_WARN_EMPTY_BODY = YES;
				CLANG_WARN_ENUM_CONVERSION = YES;
				CLANG_WARN_INFINITE_RECURSION = YES;
				CLANG_WARN_INT_CONVERSION = YES;
				CLANG_WARN_OBJC_ROOT_CLASS = YES_ERROR;
				CLANG_WARN_SUSPICIOUS_MOVE = YES;
				CLANG_WARN_UNREACHABLE_CODE = YES;
				CLANG_WARN__DUPLICATE_METHOD_MATCH = YES;
				"CODE_SIGN_IDENTITY[sdk=iphoneos*]" = "iPhone Developer";
				COPY_PHASE_STRIP = NO;
				DEBUG_INFORMATION_FORMAT = "dwarf-with-dsym";
				ENABLE_NS_ASSERTIONS = NO;
				ENABLE_STRICT_OBJC_MSGSEND = YES;
				GCC_C_LANGUAGE_STANDARD = gnu99;
				GCC_NO_COMMON_BLOCKS = YES;
				GCC_WARN_64_TO_32_BIT_CONVERSION = YES;
				GCC_WARN_ABOUT_RETURN_TYPE = YES_ERROR;
				GCC_WARN_UNDECLARED_SELECTOR = YES;
				GCC_WARN_UNINITIALIZED_AUTOS = YES_AGGRESSIVE;
				GCC_WARN_UNUSED_FUNCTION = YES;
				GCC_WARN_UNUSED_VARIABLE = YES;
				IPHONEOS_DEPLOYMENT_TARGET = 10.3;
				MTL_ENABLE_DEBUG_INFO = NO;
				SDKROOT = iphoneos;
				SWIFT_OPTIMIZATION_LEVEL = "-Owholemodule";
				TARGETED_DEVICE_FAMILY = "1,2";
				VALIDATE_PRODUCT = YES;
			};
			name = Release;
		};
		7E3036B61F3145D500F4DE08 /* Debug */ = {
			isa = XCBuildConfiguration;
			buildSettings = {
				ASSETCATALOG_COMPILER_APPICON_NAME = AppIcon;
				INFOPLIST_FILE = SaveTheKittens/Info.plist;
				LD_RUNPATH_SEARCH_PATHS = "$(inherited) @executable_path/Frameworks";
				PRODUCT_BUNDLE_IDENTIFIER = adriantoribio.SaveTheKittens;
				PRODUCT_NAME = "$(TARGET_NAME)";
				SWIFT_VERSION = 3.0;
			};
			name = Debug;
		};
		7E3036B71F3145D500F4DE08 /* Release */ = {
			isa = XCBuildConfiguration;
			buildSettings = {
				ASSETCATALOG_COMPILER_APPICON_NAME = AppIcon;
				INFOPLIST_FILE = SaveTheKittens/Info.plist;
				LD_RUNPATH_SEARCH_PATHS = "$(inherited) @executable_path/Frameworks";
				PRODUCT_BUNDLE_IDENTIFIER = adriantoribio.SaveTheKittens;
				PRODUCT_NAME = "$(TARGET_NAME)";
				SWIFT_VERSION = 3.0;
			};
			name = Release;
		};
		7E3036B91F3145D500F4DE08 /* Debug */ = {
			isa = XCBuildConfiguration;
			buildSettings = {
				ALWAYS_EMBED_SWIFT_STANDARD_LIBRARIES = YES;
				BUNDLE_LOADER = "$(TEST_HOST)";
				INFOPLIST_FILE = SaveTheKittensTests/Info.plist;
				LD_RUNPATH_SEARCH_PATHS = "$(inherited) @executable_path/Frameworks @loader_path/Frameworks";
				PRODUCT_BUNDLE_IDENTIFIER = adriantoribio.SaveTheKittensTests;
				PRODUCT_NAME = "$(TARGET_NAME)";
				SWIFT_VERSION = 3.0;
				TEST_HOST = "$(BUILT_PRODUCTS_DIR)/SaveTheKittens.app/SaveTheKittens";
			};
			name = Debug;
		};
		7E3036BA1F3145D500F4DE08 /* Release */ = {
			isa = XCBuildConfiguration;
			buildSettings = {
				ALWAYS_EMBED_SWIFT_STANDARD_LIBRARIES = YES;
				BUNDLE_LOADER = "$(TEST_HOST)";
				INFOPLIST_FILE = SaveTheKittensTests/Info.plist;
				LD_RUNPATH_SEARCH_PATHS = "$(inherited) @executable_path/Frameworks @loader_path/Frameworks";
				PRODUCT_BUNDLE_IDENTIFIER = adriantoribio.SaveTheKittensTests;
				PRODUCT_NAME = "$(TARGET_NAME)";
				SWIFT_VERSION = 3.0;
				TEST_HOST = "$(BUILT_PRODUCTS_DIR)/SaveTheKittens.app/SaveTheKittens";
			};
			name = Release;
		};
		7E3036BC1F3145D500F4DE08 /* Debug */ = {
			isa = XCBuildConfiguration;
			buildSettings = {
				ALWAYS_EMBED_SWIFT_STANDARD_LIBRARIES = YES;
				INFOPLIST_FILE = SaveTheKittensUITests/Info.plist;
				LD_RUNPATH_SEARCH_PATHS = "$(inherited) @executable_path/Frameworks @loader_path/Frameworks";
				PRODUCT_BUNDLE_IDENTIFIER = adriantoribio.SaveTheKittensUITests;
				PRODUCT_NAME = "$(TARGET_NAME)";
				SWIFT_VERSION = 3.0;
				TEST_TARGET_NAME = SaveTheKittens;
			};
			name = Debug;
		};
		7E3036BD1F3145D500F4DE08 /* Release */ = {
			isa = XCBuildConfiguration;
			buildSettings = {
				ALWAYS_EMBED_SWIFT_STANDARD_LIBRARIES = YES;
				INFOPLIST_FILE = SaveTheKittensUITests/Info.plist;
				LD_RUNPATH_SEARCH_PATHS = "$(inherited) @executable_path/Frameworks @loader_path/Frameworks";
				PRODUCT_BUNDLE_IDENTIFIER = adriantoribio.SaveTheKittensUITests;
				PRODUCT_NAME = "$(TARGET_NAME)";
				SWIFT_VERSION = 3.0;
				TEST_TARGET_NAME = SaveTheKittens;
			};
			name = Release;
		};
/* End XCBuildConfiguration section */

/* Begin XCConfigurationList section */
		7E3036881F3145D500F4DE08 /* Build configuration list for PBXProject "SaveTheKittens" */ = {
			isa = XCConfigurationList;
			buildConfigurations = (
				7E3036B31F3145D500F4DE08 /* Debug */,
				7E3036B41F3145D500F4DE08 /* Release */,
			);
			defaultConfigurationIsVisible = 0;
			defaultConfigurationName = Release;
		};
		7E3036B51F3145D500F4DE08 /* Build configuration list for PBXNativeTarget "SaveTheKittens" */ = {
			isa = XCConfigurationList;
			buildConfigurations = (
				7E3036B61F3145D500F4DE08 /* Debug */,
				7E3036B71F3145D500F4DE08 /* Release */,
			);
			defaultConfigurationIsVisible = 0;
		};
		7E3036B81F3145D500F4DE08 /* Build configuration list for PBXNativeTarget "SaveTheKittensTests" */ = {
			isa = XCConfigurationList;
			buildConfigurations = (
				7E3036B91F3145D500F4DE08 /* Debug */,
				7E3036BA1F3145D500F4DE08 /* Release */,
			);
			defaultConfigurationIsVisible = 0;
		};
		7E3036BB1F3145D500F4DE08 /* Build configuration list for PBXNativeTarget "SaveTheKittensUITests" */ = {
			isa = XCConfigurationList;
			buildConfigurations = (
				7E3036BC1F3145D500F4DE08 /* Debug */,
				7E3036BD1F3145D500F4DE08 /* Release */,
			);
			defaultConfigurationIsVisible = 0;
		};
/* End XCConfigurationList section */
	};
	rootObject = 7E3036851F3145D500F4DE08 /* Project object */;
}
